{
  "nodes": {
    "darwin": {
      "inputs": {
        "nixpkgs": [
          "nixpkgs"
        ]
      },
      "locked": {
        "lastModified": 1691275315,
        "narHash": "sha256-9WN0IA0vNZSNxKHpy/bYvPnCw4VH/nr5iBv7c+7KUts=",
        "owner": "lnl7",
        "repo": "nix-darwin",
        "rev": "829041cf10c4f6751a53c0a11ca2fd22ff0918d6",
        "type": "github"
      },
      "original": {
        "owner": "lnl7",
        "ref": "master",
        "repo": "nix-darwin",
        "type": "github"
      }
    },
    "doom-emacs": {
      "flake": false,
      "locked": {
        "lastModified": 1642165074,
        "narHash": "sha256-Sl8/Pmq+AZ4y1U0/96Ka/BXRroBDoW1VXQKUKEAyuaA=",
        "owner": "hlissner",
        "repo": "doom-emacs",
        "rev": "35865ef5e89442e3809b8095199977053dd4210f",
        "type": "github"
      },
      "original": {
        "owner": "hlissner",
        "ref": "develop",
        "repo": "doom-emacs",
        "type": "github"
      }
    },
    "doom-snippets": {
      "flake": false,
      "locked": {
        "lastModified": 1625547004,
        "narHash": "sha256-V+ytAjB4ZZ+5dJJAu1OY7SbnqrokX5PVBWs0AsgQ8Vs=",
        "owner": "hlissner",
        "repo": "doom-snippets",
        "rev": "5c0eb5bd70f035cefb981c2ce64f4367498bdda6",
        "type": "github"
      },
      "original": {
        "owner": "hlissner",
        "repo": "doom-snippets",
        "type": "github"
      }
    },
    "emacs-overlay": {
      "inputs": {
        "flake-utils": "flake-utils",
        "nixpkgs": [
          "nixpkgs"
        ],
        "nixpkgs-stable": "nixpkgs-stable"
      },
      "locked": {
        "lastModified": 1691580895,
        "narHash": "sha256-Iht82/rMZw926WygP59CZnlsk9nSjUck/AH6pu5+ZN4=",
        "owner": "nix-community",
        "repo": "emacs-overlay",
        "rev": "707daad5fa2bc37a405d4be86dd503876cd9135a",
        "type": "github"
      },
      "original": {
        "owner": "nix-community",
        "repo": "emacs-overlay",
        "type": "github"
      }
    },
    "emacs-so-long": {
      "flake": false,
      "locked": {
        "lastModified": 1575031854,
        "narHash": "sha256-xIa5zO0ZaToDrec1OFjBK6l39AbA4l/CE4LInVu2hi0=",
        "owner": "hlissner",
        "repo": "emacs-so-long",
        "rev": "ed666b0716f60e8988c455804de24b55919e71ca",
        "type": "github"
      },
      "original": {
        "owner": "hlissner",
        "repo": "emacs-so-long",
        "type": "github"
      }
    },
    "evil-markdown": {
      "flake": false,
      "locked": {
        "lastModified": 1626852210,
        "narHash": "sha256-HBBuZ1VWIn6kwK5CtGIvHM1+9eiNiKPH0GUsyvpUVN8=",
        "owner": "Somelauw",
        "repo": "evil-markdown",
        "rev": "8e6cc68af83914b2fa9fd3a3b8472573dbcef477",
        "type": "github"
      },
      "original": {
        "owner": "Somelauw",
        "repo": "evil-markdown",
        "type": "github"
      }
    },
    "evil-org-mode": {
      "flake": false,
      "locked": {
        "lastModified": 1607203864,
        "narHash": "sha256-JxwqVYDN6OIJEH15MVI6XOZAPtUWUhJQWHyzcrUvrFg=",
        "owner": "hlissner",
        "repo": "evil-org-mode",
        "rev": "a9706da260c45b98601bcd72b1d2c0a24a017700",
        "type": "github"
      },
      "original": {
        "owner": "hlissner",
        "repo": "evil-org-mode",
        "type": "github"
      }
    },
    "evil-quick-diff": {
      "flake": false,
      "locked": {
        "lastModified": 1575189609,
        "narHash": "sha256-oGzl1ayW9rIuq0haoiFS7RZsS8NFMdEA7K1BSozgnJU=",
        "owner": "rgrinberg",
        "repo": "evil-quick-diff",
        "rev": "69c883720b30a892c63bc89f49d4f0e8b8028908",
        "type": "github"
      },
      "original": {
        "owner": "rgrinberg",
        "repo": "evil-quick-diff",
        "type": "github"
      }
    },
    "explain-pause-mode": {
      "flake": false,
      "locked": {
        "lastModified": 1595842060,
        "narHash": "sha256-++znrjiDSx+cy4okFBBXUBkRFdtnE2x+trkmqjB3Njs=",
        "owner": "lastquestion",
        "repo": "explain-pause-mode",
        "rev": "2356c8c3639cbeeb9751744dbe737267849b4b51",
        "type": "github"
      },
      "original": {
        "owner": "lastquestion",
        "repo": "explain-pause-mode",
        "type": "github"
      }
    },
    "flake-compat": {
      "locked": {
        "lastModified": 1688025799,
        "narHash": "sha256-ktpB4dRtnksm9F5WawoIkEneh1nrEvuxb5lJFt1iOyw=",
        "owner": "nix-community",
        "repo": "flake-compat",
        "rev": "8bf105319d44f6b9f0d764efa4fdef9f1cc9ba1c",
        "type": "github"
      },
      "original": {
        "owner": "nix-community",
        "repo": "flake-compat",
        "type": "github"
      }
    },
    "flake-parts": {
      "inputs": {
        "nixpkgs-lib": [
          "nixpkgs-wayland",
          "nix-eval-jobs",
          "nixpkgs"
        ]
      },
      "locked": {
        "lastModified": 1690933134,
        "narHash": "sha256-ab989mN63fQZBFrkk4Q8bYxQCktuHmBIBqUG1jl6/FQ=",
        "owner": "hercules-ci",
        "repo": "flake-parts",
        "rev": "59cf3f1447cfc75087e7273b04b31e689a8599fb",
        "type": "github"
      },
      "original": {
        "owner": "hercules-ci",
        "repo": "flake-parts",
        "type": "github"
      }
    },
    "flake-utils": {
      "inputs": {
        "systems": "systems"
      },
      "locked": {
        "lastModified": 1689068808,
        "narHash": "sha256-6ixXo3wt24N/melDWjq70UuHQLxGV8jZvooRanIHXw0=",
        "owner": "numtide",
        "repo": "flake-utils",
        "rev": "919d646de7be200f3bf08cb76ae1f09402b6f9b4",
        "type": "github"
      },
      "original": {
        "owner": "numtide",
        "repo": "flake-utils",
        "type": "github"
      }
    },
    "flake-utils_2": {
      "locked": {
        "lastModified": 1623875721,
        "narHash": "sha256-A8BU7bjS5GirpAUv4QA+QnJ4CceLHkcXdRp4xITDB0s=",
        "owner": "numtide",
        "repo": "flake-utils",
        "rev": "f7e004a55b120c02ecb6219596820fcd32ca8772",
        "type": "github"
      },
      "original": {
        "owner": "numtide",
        "repo": "flake-utils",
        "type": "github"
      }
    },
    "flake-utils_3": {
      "inputs": {
        "systems": "systems_2"
      },
      "locked": {
        "lastModified": 1692799911,
        "narHash": "sha256-3eihraek4qL744EvQXsK1Ha6C3CR7nnT8X2qWap4RNk=",
        "owner": "numtide",
        "repo": "flake-utils",
        "rev": "f9e7cf818399d17d347f847525c5a5a8032e4e44",
        "type": "github"
      },
      "original": {
        "owner": "numtide",
        "repo": "flake-utils",
        "type": "github"
      }
    },
    "home-manager": {
      "inputs": {
        "nixpkgs": [
          "nixpkgs"
        ]
      },
      "locked": {
        "lastModified": 1687871164,
        "narHash": "sha256-bBFlPthuYX322xOlpJvkjUBz0C+MOBjZdDOOJJ+G2jU=",
        "owner": "nix-community",
        "repo": "home-manager",
        "rev": "07c347bb50994691d7b0095f45ebd8838cf6bc38",
        "type": "github"
      },
      "original": {
        "owner": "nix-community",
        "ref": "release-23.05",
        "repo": "home-manager",
        "type": "github"
      }
    },
    "hyprland": {
      "inputs": {
        "hyprland-protocols": "hyprland-protocols",
        "nixpkgs": [
          "nixpkgs-unstable"
        ],
        "wlroots": "wlroots",
        "xdph": "xdph"
      },
      "locked": {
        "lastModified": 1691601928,
        "narHash": "sha256-HCknRTImPNTtGT1Pyg5DPBgHfIXqB7jPkhNC+PZ0LoE=",
        "owner": "hyprwm",
        "repo": "Hyprland",
        "rev": "fe9453c6432ccdb3935ff6e9aa32f9d985aff577",
        "type": "github"
      },
      "original": {
        "owner": "hyprwm",
        "repo": "Hyprland",
        "type": "github"
      }
    },
    "hyprland-protocols": {
      "inputs": {
        "nixpkgs": [
          "hyprland",
          "nixpkgs"
        ]
      },
      "locked": {
        "lastModified": 1684265364,
        "narHash": "sha256-AxNnWbthsuNx73HDQr0eBxrcE3+yfl/WsaXZqUFmkpQ=",
        "owner": "hyprwm",
        "repo": "hyprland-protocols",
        "rev": "8c279b9fb0f2b031427dc5ef4eab53f2ed835530",
        "type": "github"
      },
      "original": {
        "owner": "hyprwm",
        "repo": "hyprland-protocols",
        "type": "github"
      }
    },
    "kmonad": {
      "inputs": {
        "nixpkgs": [
          "nixpkgs"
        ]
      },
      "locked": {
        "dir": "nix",
        "lastModified": 1691302749,
        "narHash": "sha256-04MCxe0Sl+UgyLsgnZ1dbUWiUai3d8ifZ5J0y7suYrQ=",
        "ref": "refs/heads/master",
        "rev": "ad69e1be793e61dce2d586481c0f6dda7d978c25",
        "revCount": 747,
        "submodules": true,
        "type": "git",
        "url": "https://github.com/kmonad/kmonad?dir=nix"
      },
      "original": {
        "dir": "nix",
        "submodules": true,
        "type": "git",
        "url": "https://github.com/kmonad/kmonad?dir=nix"
      }
    },
    "lib-aggregate": {
      "inputs": {
        "flake-utils": "flake-utils_3",
        "nixpkgs-lib": "nixpkgs-lib"
      },
      "locked": {
        "lastModified": 1692878963,
        "narHash": "sha256-/pv2E36Su112vPMk5dgUED0j2v7n/Mh0p99sXdJ9cH4=",
        "owner": "nix-community",
        "repo": "lib-aggregate",
        "rev": "e74fab6aff10cd2f4241c4bf646e53f5b3203349",
        "type": "github"
      },
      "original": {
        "owner": "nix-community",
        "repo": "lib-aggregate",
        "type": "github"
      }
    },
    "nix-doom-emacs": {
      "inputs": {
        "doom-emacs": [
          "doom-emacs"
        ],
        "doom-snippets": "doom-snippets",
        "emacs-overlay": [
          "emacs-overlay"
        ],
        "emacs-so-long": "emacs-so-long",
        "evil-markdown": "evil-markdown",
        "evil-org-mode": "evil-org-mode",
        "evil-quick-diff": "evil-quick-diff",
        "explain-pause-mode": "explain-pause-mode",
        "flake-utils": "flake-utils_2",
        "nix-straight": "nix-straight",
        "nixpkgs": [
          "nixpkgs"
        ],
        "nose": "nose",
        "ob-racket": "ob-racket",
        "org": "org",
        "org-contrib": "org-contrib",
        "org-yt": "org-yt",
        "php-extras": "php-extras",
        "revealjs": "revealjs",
        "rotate-text": "rotate-text"
      },
      "locked": {
        "lastModified": 1666806097,
        "narHash": "sha256-4/QpDoyf2I7RvhbmK15PB+qPuLYU3Lm0woUChA1fn+k=",
        "owner": "vlaci",
        "repo": "nix-doom-emacs",
        "rev": "cc495913aeb4212349392e1c68a62b8e63248123",
        "type": "github"
      },
      "original": {
        "owner": "vlaci",
        "repo": "nix-doom-emacs",
        "type": "github"
      }
    },
    "nix-eval-jobs": {
      "inputs": {
        "flake-parts": "flake-parts",
        "nixpkgs": "nixpkgs_2",
        "treefmt-nix": "treefmt-nix"
      },
      "locked": {
        "lastModified": 1692841356,
        "narHash": "sha256-ppV8EdbH6s4+E9YeHhF1+MrEO/R36PeFE/6zjHS4Pn8=",
        "owner": "nix-community",
        "repo": "nix-eval-jobs",
        "rev": "3681d5930d1479898758b752f2d77be0c8e0f90f",
        "type": "github"
      },
      "original": {
        "owner": "nix-community",
        "repo": "nix-eval-jobs",
        "type": "github"
      }
    },
    "nix-straight": {
      "flake": false,
      "locked": {
        "lastModified": 1621543597,
        "narHash": "sha256-E/m2Hrw2og//CfOCOWe2yapYC01Tqhozn4YMPYJsC3o=",
        "owner": "vlaci",
        "repo": "nix-straight.el",
        "rev": "8e84d04f10b2298de856b2b8b9a0d13abc91b5ca",
        "type": "github"
      },
      "original": {
        "owner": "vlaci",
        "ref": "v2.2.0",
        "repo": "nix-straight.el",
        "type": "github"
      }
    },
    "nixos-hardware": {
      "locked": {
        "lastModified": 1691566999,
        "narHash": "sha256-c4G++nXzVgJbXe5tuUZxSS+SbDqynO/nG3wocRcP6YE=",
        "owner": "nixos",
        "repo": "nixos-hardware",
        "rev": "8ff521acd2c8132c62141c2990deb7406e32b335",
        "type": "github"
      },
      "original": {
        "owner": "nixos",
        "ref": "master",
        "repo": "nixos-hardware",
        "type": "github"
      }
    },
    "nixpkgs": {
      "locked": {
        "lastModified": 1697226376,
        "narHash": "sha256-cumLLb1QOUtWieUnLGqo+ylNt3+fU8Lcv5Zl+tYbRUE=",
        "owner": "nixos",
        "repo": "nixpkgs",
        "rev": "898cb2064b6e98b8c5499f37e81adbdf2925f7c5",
        "type": "github"
      },
      "original": {
        "owner": "nixos",
        "ref": "nixos-23.05",
        "repo": "nixpkgs",
        "type": "github"
      }
    },
    "nixpkgs-lib": {
      "locked": {
        "lastModified": 1692492218,
        "narHash": "sha256-sBj4dllTXEuBzVUaXGvWrQt3iwr64wlnVP26ZcaND0E=",
        "owner": "nix-community",
        "repo": "nixpkgs.lib",
        "rev": "2a3f8763738dca95b14705619c5e489912b7f36a",
        "type": "github"
      },
      "original": {
        "owner": "nix-community",
        "repo": "nixpkgs.lib",
        "type": "github"
      }
    },
    "nixpkgs-stable": {
      "locked": {
        "lastModified": 1691421349,
        "narHash": "sha256-RRJyX0CUrs4uW4gMhd/X4rcDG8PTgaaCQM5rXEJOx6g=",
        "owner": "NixOS",
        "repo": "nixpkgs",
        "rev": "011567f35433879aae5024fc6ec53f2a0568a6c4",
        "type": "github"
      },
      "original": {
        "owner": "NixOS",
        "ref": "nixos-23.05",
        "repo": "nixpkgs",
        "type": "github"
      }
    },
    "nixpkgs-unstable": {
      "locked": {
        "lastModified": 1692734709,
        "narHash": "sha256-SCFnyHCyYjwEmgUsHDDuU0TsbVMKeU1vwkR+r7uS2Rg=",
        "owner": "nixos",
        "repo": "nixpkgs",
        "rev": "b85ed9dcbf187b909ef7964774f8847d554fab3b",
        "type": "github"
      },
      "original": {
        "owner": "nixos",
        "ref": "nixos-unstable",
        "repo": "nixpkgs",
        "type": "github"
      }
    },
    "nixpkgs-wayland": {
      "inputs": {
        "flake-compat": "flake-compat",
        "lib-aggregate": "lib-aggregate",
        "nix-eval-jobs": "nix-eval-jobs",
        "nixpkgs": [
          "nixpkgs-unstable"
        ],
        "nixpkgs_sirula": "nixpkgs_sirula"
      },
      "locked": {
        "lastModified": 1692980383,
        "narHash": "sha256-UevtgJf/q3qW7XxHCZDmeEkPy3HAmorq4JizaFXpQLw=",
        "owner": "nix-community",
        "repo": "nixpkgs-wayland",
        "rev": "57113c6168e2d19730b7b0acfc43758644e97ebf",
        "type": "github"
      },
      "original": {
        "owner": "nix-community",
        "repo": "nixpkgs-wayland",
        "type": "github"
      }
    },
    "nixpkgs_2": {
      "locked": {
        "lastModified": 1692838642,
        "narHash": "sha256-Y47k7ckDN2nlH+A2hdfgNulXqKkTX8WdWCfd6l0ys0Y=",
        "owner": "NixOS",
        "repo": "nixpkgs",
        "rev": "6408fedbfacd0d323edc2512f6033dbce818672a",
        "type": "github"
      },
      "original": {
        "owner": "NixOS",
        "ref": "master",
        "repo": "nixpkgs",
        "type": "github"
      }
    },
    "nixpkgs_sirula": {
      "locked": {
        "lastModified": 1682879489,
        "narHash": "sha256-sASwo8gBt7JDnOOstnps90K1wxmVfyhsTPPNTGBPjjg=",
        "owner": "nixos",
        "repo": "nixpkgs",
        "rev": "da45bf6ec7bbcc5d1e14d3795c025199f28e0de0",
        "type": "github"
      },
      "original": {
        "owner": "nixos",
        "repo": "nixpkgs",
        "rev": "da45bf6ec7bbcc5d1e14d3795c025199f28e0de0",
        "type": "github"
      }
    },
    "nose": {
      "flake": false,
      "locked": {
        "lastModified": 1400604510,
        "narHash": "sha256-daEi8Kta1oGaDEmUUDDQMahTTPOpvNpDKk22rlr7cB0=",
        "owner": "emacsattic",
        "repo": "nose",
        "rev": "f8528297519eba911696c4e68fa88892de9a7b72",
        "type": "github"
      },
      "original": {
        "owner": "emacsattic",
        "repo": "nose",
        "type": "github"
      }
    },
    "nur": {
      "locked": {
        "lastModified": 1691603114,
        "narHash": "sha256-WVzZUW8C6QizJqBM5BvbZ6Dm69GVPQZgdxKRHlhtdyI=",
        "owner": "nix-community",
        "repo": "nur",
        "rev": "e54f334e8c950e8288c3b405d4ff13bb6e2a6b9b",
        "type": "github"
      },
      "original": {
        "owner": "nix-community",
        "repo": "nur",
        "type": "github"
      }
    },
    "ob-racket": {
      "flake": false,
      "locked": {
        "lastModified": 1584656173,
        "narHash": "sha256-rBUYDDCXb+3D4xTPQo9UocbTPZ32kWV1Uya/1DmZknU=",
        "owner": "xchrishawk",
        "repo": "ob-racket",
        "rev": "83457ec9e1e96a29fd2086ed19432b9d75787673",
        "type": "github"
      },
      "original": {
        "owner": "xchrishawk",
        "repo": "ob-racket",
        "type": "github"
      }
    },
    "org": {
      "flake": false,
      "locked": {
        "lastModified": 1627155762,
        "narHash": "sha256-XS1eA6P0ePabdrnUNe5lN19EA9dfK615gMGObr9wfBQ=",
        "owner": "emacs-straight",
        "repo": "org-mode",
        "rev": "c9dfed48a607c7f6524f1c6480f09cf61a5d6237",
        "type": "github"
      },
      "original": {
        "owner": "emacs-straight",
        "repo": "org-mode",
        "type": "github"
      }
    },
    "org-contrib": {
      "flake": false,
      "locked": {
        "lastModified": 1623339452,
        "narHash": "sha256-E3pioqkmAKQm5N7YsgJZil0/ozkdRE7//tE9FGbrluM=",
        "ref": "master",
        "rev": "fc81309cf6756607a836f93049a9393c2967c4e0",
        "revCount": 2599,
        "type": "git",
        "url": "https://git.sr.ht/~bzg/org-contrib"
      },
      "original": {
        "type": "git",
        "url": "https://git.sr.ht/~bzg/org-contrib"
      }
    },
    "org-yt": {
      "flake": false,
      "locked": {
        "lastModified": 1527381913,
        "narHash": "sha256-dzQ6B7ryzatHCTLyEnRSbWO0VUiX/FHYnpHTs74aVUs=",
        "owner": "TobiasZawada",
        "repo": "org-yt",
        "rev": "40cc1ac76d741055cbefa13860d9f070a7ade001",
        "type": "github"
      },
      "original": {
        "owner": "TobiasZawada",
        "repo": "org-yt",
        "type": "github"
      }
    },
    "php-extras": {
      "flake": false,
      "locked": {
        "lastModified": 1573312690,
        "narHash": "sha256-r4WyVbzvT0ra4Z6JywNBOw5RxOEYd6Qe2IpebHXkj1U=",
        "owner": "arnested",
        "repo": "php-extras",
        "rev": "d410c5af663c30c01d461ac476d1cbfbacb49367",
        "type": "github"
      },
      "original": {
        "owner": "arnested",
        "repo": "php-extras",
        "type": "github"
      }
    },
    "revealjs": {
      "flake": false,
      "locked": {
        "lastModified": 1625811744,
        "narHash": "sha256-Y67nVqcovn2PbHXmWOFWMq10Qz2ZIRyyWEO6qsZLbIM=",
        "owner": "hakimel",
        "repo": "reveal.js",
        "rev": "b18f12d964ef80bd9ffb061aae48ff4c15fb43ad",
        "type": "github"
      },
      "original": {
        "owner": "hakimel",
        "repo": "reveal.js",
        "type": "github"
      }
    },
    "root": {
      "inputs": {
        "darwin": "darwin",
        "doom-emacs": "doom-emacs",
        "emacs-overlay": "emacs-overlay",
        "home-manager": "home-manager",
        "hyprland": "hyprland",
        "kmonad": "kmonad",
        "nix-doom-emacs": "nix-doom-emacs",
        "nixos-hardware": "nixos-hardware",
        "nixpkgs": "nixpkgs",
        "nixpkgs-unstable": "nixpkgs-unstable",
        "nixpkgs-wayland": "nixpkgs-wayland",
        "nur": "nur",
        "straight": "straight"
      }
    },
    "rotate-text": {
      "flake": false,
      "locked": {
        "lastModified": 1322962747,
        "narHash": "sha256-SOeOgSlcEIsKhUiYDJv0p+mLUb420s9E2BmvZQvZ0wk=",
        "owner": "debug-ito",
        "repo": "rotate-text.el",
        "rev": "48f193697db996855aee1ad2bc99b38c6646fe76",
        "type": "github"
      },
      "original": {
        "owner": "debug-ito",
        "repo": "rotate-text.el",
        "type": "github"
      }
    },
    "straight": {
      "flake": false,
      "locked": {
        "lastModified": 1686861068,
        "narHash": "sha256-zM1bhqYZbY9FpmqVe+HOIUfZpzKuVYsAg/MpJTvCpxM=",
        "owner": "raxod502",
        "repo": "straight.el",
        "rev": "ff63b154bef1ef8d92c141bd189001bff74f6982",
        "type": "github"
      },
      "original": {
        "owner": "raxod502",
        "repo": "straight.el",
        "type": "github"
      }
    },
    "systems": {
      "locked": {
        "lastModified": 1681028828,
        "narHash": "sha256-Vy1rq5AaRuLzOxct8nz4T6wlgyUR7zLU309k9mBC768=",
        "owner": "nix-systems",
        "repo": "default",
        "rev": "da67096a3b9bf56a91d16901293e51ba5b49a27e",
        "type": "github"
      },
      "original": {
        "owner": "nix-systems",
        "repo": "default",
        "type": "github"
      }
    },
    "systems_2": {
      "locked": {
        "lastModified": 1681028828,
        "narHash": "sha256-Vy1rq5AaRuLzOxct8nz4T6wlgyUR7zLU309k9mBC768=",
        "owner": "nix-systems",
        "repo": "default",
        "rev": "da67096a3b9bf56a91d16901293e51ba5b49a27e",
        "type": "github"
      },
      "original": {
        "owner": "nix-systems",
        "repo": "default",
        "type": "github"
      }
    },
    "treefmt-nix": {
      "inputs": {
        "nixpkgs": [
          "nixpkgs-wayland",
          "nix-eval-jobs",
          "nixpkgs"
        ]
      },
      "locked": {
        "lastModified": 1692792358,
        "narHash": "sha256-yqKPLUvl9lFTy43+GvVRwT39k1qu7Yd0HNktZjRbUP4=",
        "owner": "numtide",
        "repo": "treefmt-nix",
        "rev": "b070c28bf9d7d3ef93084aa47c01b4b6c16cdce4",
        "type": "github"
      },
      "original": {
        "owner": "numtide",
        "repo": "treefmt-nix",
        "type": "github"
      }
    },
    "wlroots": {
      "flake": false,
      "locked": {
        "host": "gitlab.freedesktop.org",
        "lastModified": 1691073628,
        "narHash": "sha256-LlxE3o3UzRY7APYVLGNKM30DBMcDifCRIQiMVSbYLIc=",
        "owner": "wlroots",
        "repo": "wlroots",
        "rev": "c74f89d4f84bfed0284d3908aee5d207698c70c5",
        "type": "gitlab"
      },
      "original": {
        "host": "gitlab.freedesktop.org",
        "owner": "wlroots",
        "repo": "wlroots",
        "rev": "c74f89d4f84bfed0284d3908aee5d207698c70c5",
        "type": "gitlab"
      }
    },
    "xdph": {
      "inputs": {
        "hyprland-protocols": [
          "hyprland",
          "hyprland-protocols"
        ],
        "nixpkgs": [
          "hyprland",
          "nixpkgs"
        ]
      },
      "locked": {
        "lastModified": 1691082525,
        "narHash": "sha256-C5AO0KnyAFJaCkOn+5nJfWm0kyiPn/Awh0lKTjhgr7Y=",
        "owner": "hyprwm",
        "repo": "xdg-desktop-portal-hyprland",
        "rev": "42747d267ab4345c4ceb78cd4a4fe99f072d80fc",
        "type": "github"
      },
      "original": {
        "owner": "hyprwm",
        "repo": "xdg-desktop-portal-hyprland",
        "type": "github"
      }
    }
  },
  "root": "root",
  "version": 7
}
