{
  "nodes": {
    "emacs-overlay": {
      "locked": {
        "lastModified": 1612887731,
        "narHash": "sha256-St0/9A80cYBKPyw/BO5Nyf+0Lti6ujZK5FnoKcDmEAY=",
        "owner": "nix-community",
        "repo": "emacs-overlay",
        "rev": "28520b7f2fc11bfcea7b5087fc084d391d828a02",
        "type": "github"
      },
      "original": {
        "owner": "nix-community",
        "repo": "emacs-overlay",
        "type": "github"
      }
    },
    "nixpkgs": {
      "locked": {
        "lastModified": 1612653566,
        "narHash": "sha256-7qjA9OgOJ97wzEsgElnFnIIrWJ57Wy8p2IuG85fJDZ0=",
        "owner": "nixos",
        "repo": "nixpkgs",
        "rev": "8e78c2cfbae71720869c35b6710d652bf28b37cc",
        "type": "github"
      },
      "original": {
        "owner": "nixos",
        "ref": "nixos-20.09",
        "repo": "nixpkgs",
        "type": "github"
      }
    },
    "nixpkgs-unstable": {
      "locked": {
        "lastModified": 1612194028,
        "narHash": "sha256-AFPVC9gNDHnx52FGD1IWRvM3S3D1AgEbEaOkxDerlyU=",
        "owner": "nixos",
        "repo": "nixpkgs",
        "rev": "65211f5afcc3637c55423b327157a5eae05dff67",
        "type": "github"
      },
      "original": {
        "owner": "nixos",
        "ref": "nixos-unstable",
        "repo": "nixpkgs",
        "type": "github"
      }
    },
    "root": {
      "inputs": {
        "emacs-overlay": "emacs-overlay",
        "nixpkgs": "nixpkgs",
        "nixpkgs-unstable": "nixpkgs-unstable"
      }
    }
  },
  "root": "root",
  "version": 7
}
